{
  "version": 1,
  "dependencies": {
    "net9.0": {
      "Google.Apis.Auth": {
        "type": "Direct",
        "requested": "[1.77.0, )",
        "resolved": "1.77.0",
        "contentHash": "lcgXlzM+JkX0nKKc7KBwTdiei2IbV20PuTe3cVQ2zOhq0j4IiS9I4xlRQY4igdCMLlmobthz5xtHiPr/wxl0Ew==",
        "dependencies": {
          "Google.Apis": "1.77.0",
          "Google.Apis.Core": "1.77.0",
          "System.Management": "7.0.2"
        }
      },
      "Google.Apis": {
        "type": "Transitive",
        "resolved": "1.77.0",
        "contentHash": "zj7MKdZz7lWRM7z2meqh5S9KSf83c1xY8Fa+b1KzYxw9xMugUxcQtwPoxJgFzxKJgLE64dAra0ze++P/Up4k6Q==",
        "dependencies": {
          "Google.Apis.Core": "1.77.0"
        }
      },
      "Google.Apis.Core": {
        "type": "Transitive",
        "resolved": "1.77.0",
        "contentHash": "7Yj4dpbOLFbxct6x5AFHQEZ25E8/f+5zqW39Q8f/GZknLyuS+uhnt2DIcKQplBNJTK9WNXompbYLWsPRhO6Nmg==",
        "dependencies": {
          "Newtonsoft.Json": "13.0.4"
        }
      },
      "Newtonsoft.Json": {
        "type": "Transitive",
        "resolved": "13.0.4",
        "contentHash": "pdgNNMai3zv51W5aq268sujXUyx7SNdE2bj1wZcWjAQrKMFZV260lbqYop1d2GM67JI1huLRwxo9ZqnfF/lC6A=="
      },
      "System.CodeDom": {
        "type": "Transitive",
        "resolved": "7.0.0",
        "contentHash": "GLltyqEsE5/3IE+zYRP5sNa1l44qKl9v+bfdMcwg+M9qnQf47wK3H0SUR/T+3N4JEQXF3vV4CSuuo0rsg+nq2A=="
      },
      "System.Management": {
        "type": "Transitive",
        "resolved": "7.0.2",
        "contentHash": "/qEUN91mP/MUQmJnM5y5BdT7ZoPuVrtxnFlbJ8a3kBJGhe2wCzBfnPFtK2wTtEEcf3DMGR9J00GZZfg6HRI6yA==",
        "dependencies": {
          "System.CodeDom": "7.0.0"
        }
      },
      "leaf.sdk": {
        "type": "Project"
      }
    }
  }
}